
Microsoft Visual Studio Solution File, Format Version 12.00
# Visual Studio Version 17
VisualStudioVersion = 17.0.32014.148
MinimumVisualStudioVersion = 10.0.40219.1
Project("{FAE04EC0-301F-11D3-BF4B-00C04F79EFBC}") = "MTAProvince", "MTAProvince.csproj", "{6A2EFC4F-E8F5-42AA-980C-D00AA5F58562}"
EndProject
Global
	GlobalSection(SolutionConfigurationPlatforms) = preSolution
		Debug|Any CPU = Debug|Any CPU
		Debug|x64 = Debug|x64
		Release|Any CPU = Release|Any CPU
		Release|x64 = Release|x64
	EndGlobalSection
	GlobalSection(ProjectConfigurationPlatforms) = postSolution
		{6A2EFC4F-E8F5-42AA-980C-D00AA5F58562}.Debug|Any CPU.ActiveCfg = Debug|Any CPU
		{6A2EFC4F-E8F5-42AA-980C-D00AA5F58562}.Debug|Any CPU.Build.0 = Debug|Any CPU
		{6A2EFC4F-E8F5-42AA-980C-D00AA5F58562}.Debug|x64.ActiveCfg = Debug|x64
		{6A2EFC4F-E8F5-42AA-980C-D00AA5F58562}.Debug|x64.Build.0 = Debug|x64
		{6A2EFC4F-E8F5-42AA-980C-D00AA5F58562}.Release|Any CPU.ActiveCfg = Release|Any CPU
		{6A2EFC4F-E8F5-42AA-980C-D00AA5F58562}.Release|Any CPU.Build.0 = Release|Any CPU
		{6A2EFC4F-E8F5-42AA-980C-D00AA5F58562}.Release|x64.ActiveCfg = Release|x64
		{6A2EFC4F-E8F5-42AA-980C-D00AA5F58562}.Release|x64.Build.0 = Release|x64
	EndGlobalSection
	GlobalSection(SolutionProperties) = preSolution
		HideSolutionNode = FALSE
	EndGlobalSection
	GlobalSection(ExtensibilityGlobals) = postSolution
		SolutionGuid = {B878838F-921E-48B4-9FDF-7859E2830BED}
	EndGlobalSection
EndGlobal
